
Microsoft Visual Studio Solution File, Format Version 12.00
# Visual Studio Version 16
VisualStudioVersion = 25.0.1706.5
MinimumVisualStudioVersion = 10.0.40219.1
Project("{FAE04EC0-301F-11D3-BF4B-00C04F79EFBC}") = "Elcurioso", "Elcurioso\Elcurioso.csproj", "{F7E79489-E6CC-4635-B2E0-5EFD9252768A}"
EndProject
Global
	GlobalSection(SolutionConfigurationPlatforms) = preSolution
		Debug|Any CPU = Debug|Any CPU
		Release|Any CPU = Release|Any CPU
	EndGlobalSection
	GlobalSection(ProjectConfigurationPlatforms) = postSolution
		{F7E79489-E6CC-4635-B2E0-5EFD9252768A}.Debug|Any CPU.ActiveCfg = Debug|Any CPU
		{F7E79489-E6CC-4635-B2E0-5EFD9252768A}.Debug|Any CPU.Build.0 = Debug|Any CPU
		{F7E79489-E6CC-4635-B2E0-5EFD9252768A}.Release|Any CPU.ActiveCfg = Release|Any CPU
		{F7E79489-E6CC-4635-B2E0-5EFD9252768A}.Release|Any CPU.Build.0 = Release|Any CPU
	EndGlobalSection
	GlobalSection(SolutionProperties) = preSolution
		HideSolutionNode = FALSE
	EndGlobalSection
	GlobalSection(ExtensibilityGlobals) = postSolution
		SolutionGuid = {1872BC0C-F66F-492C-96F8-23EF4864B017}
	EndGlobalSection
EndGlobal
